
Microsoft Visual Studio Solution File, Format Version 12.00
# Visual Studio Version 17
VisualStudioVersion = 17.7.34202.233
MinimumVisualStudioVersion = 10.0.40219.1
Project("{FAE04EC0-301F-11D3-BF4B-00C04F79EFBC}") = "recipe_app_storage", "recipe_app_storage.csproj", "{A782A966-FCC9-4B33-A9F0-2CA1B58E053F}"
EndProject
Global
	GlobalSection(SolutionConfigurationPlatforms) = preSolution
		Debug|Any CPU = Debug|Any CPU
		Release|Any CPU = Release|Any CPU
	EndGlobalSection
	GlobalSection(ProjectConfigurationPlatforms) = postSolution
		{A782A966-FCC9-4B33-A9F0-2CA1B58E053F}.Debug|Any CPU.ActiveCfg = Debug|Any CPU
		{A782A966-FCC9-4B33-A9F0-2CA1B58E053F}.Debug|Any CPU.Build.0 = Debug|Any CPU
		{A782A966-FCC9-4B33-A9F0-2CA1B58E053F}.Release|Any CPU.ActiveCfg = Release|Any CPU
		{A782A966-FCC9-4B33-A9F0-2CA1B58E053F}.Release|Any CPU.Build.0 = Release|Any CPU
	EndGlobalSection
	GlobalSection(SolutionProperties) = preSolution
		HideSolutionNode = FALSE
	EndGlobalSection
	GlobalSection(ExtensibilityGlobals) = postSolution
		SolutionGuid = {E5489451-BA01-4441-AD2D-C45731DED1C8}
	EndGlobalSection
EndGlobal
